# This file is automatically @generated by Cargo.
# It is not intended for manual editing.
version = 4

[[package]]
name = "opencarpanel-adapter-api"
version = "0.1.0"

[[package]]
name = "opencarpanel-adapter-f1-24"
version = "0.1.0"

[[package]]
name = "opencarpanel-config"
version = "0.1.0"

[[package]]
name = "opencarpanel-host"
version = "0.1.0"

[[package]]
name = "opencarpanel-protocol"
version = "0.1.0"

[[package]]
name = "opencarpanel-telemetry-core"
version = "0.1.0"
